{
  "name": "oat",
  "version": "1.0.0",
  "lockfileVersion": 3,
  "requires": true,
  "packages": {
    "": {
      "name": "oat",
      "version": "1.0.0",
      "license": "ISC",
      "dependencies": {
        "browser-crypto": "^2.0.0",
        "js-sha3": "^0.8.0",
        "libsodium-wrappers": "^0.7.11",
        "randombytes": "^2.1.0"
      }
    },
    "node_modules/browser-crypto": {
      "version": "2.0.0",
      "resolved": "https://registry.npmjs.org/browser-crypto/-/browser-crypto-2.0.0.tgz",
      "integrity": "sha512-z4HXqZywMMA93GH+FxTUqllVGTD32Tu4nIJZ7P2/BPl3z0aXleKbPX8sd2a712fvVc/yJ6cS5HcryfAAuEpP2Q=="
    },
    "node_modules/js-sha3": {
      "version": "0.8.0",
      "resolved": "https://registry.npmjs.org/js-sha3/-/js-sha3-0.8.0.tgz",
      "integrity": "sha512-gF1cRrHhIzNfToc802P800N8PpXS+evLLXfsVpowqmAFR9uwbi89WvXg2QspOmXL8QL86J4T1EpFu+yUkwJY3Q=="
    },
    "node_modules/libsodium": {
      "version": "0.7.11",
      "resolved": "https://registry.npmjs.org/libsodium/-/libsodium-0.7.11.tgz",
      "integrity": "sha512-WPfJ7sS53I2s4iM58QxY3Inb83/6mjlYgcmZs7DJsvDlnmVUwNinBCi5vBT43P6bHRy01O4zsMU2CoVR6xJ40A=="
    },
    "node_modules/libsodium-wrappers": {
      "version": "0.7.11",
      "resolved": "https://registry.npmjs.org/libsodium-wrappers/-/libsodium-wrappers-0.7.11.tgz",
      "integrity": "sha512-SrcLtXj7BM19vUKtQuyQKiQCRJPgbpauzl3s0rSwD+60wtHqSUuqcoawlMDheCJga85nKOQwxNYQxf/CKAvs6Q==",
      "dependencies": {
        "libsodium": "^0.7.11"
      }
    },
    "node_modules/randombytes": {
      "version": "2.1.0",
      "resolved": "https://registry.npmjs.org/randombytes/-/randombytes-2.1.0.tgz",
      "integrity": "sha512-vYl3iOX+4CKUWuxGi9Ukhie6fsqXqS9FE2Zaic4tNFD2N2QQaXOMFbuKK4QmDHC0JO6B1Zp41J0LpT0oR68amQ==",
      "dependencies": {
        "safe-buffer": "^5.1.0"
      }
    },
    "node_modules/safe-buffer": {
      "version": "5.2.1",
      "resolved": "https://registry.npmjs.org/safe-buffer/-/safe-buffer-5.2.1.tgz",
      "integrity": "sha512-rp3So07KcdmmKbGvgaNxQSJr7bGVSVk5S9Eq1F+ppbRo70+YeaDxkw5Dd8NPN+GD6bjnYm2VuPuCXmpuYvmCXQ==",
      "funding": [
        {
          "type": "github",
          "url": "https://github.com/sponsors/feross"
        },
        {
          "type": "patreon",
          "url": "https://www.patreon.com/feross"
        },
        {
          "type": "consulting",
          "url": "https://feross.org/support"
        }
      ]
    }
  }
}
